
Microsoft Visual Studio Solution File, Format Version 12.00
# Visual Studio Version 17
VisualStudioVersion = 17.0.32002.185
MinimumVisualStudioVersion = 10.0.40219.1
Project("{9A19103F-16F7-4668-BE54-9A1E7A4F7556}") = "EducationalManagementSystem", "EducationalManagementSystem\EducationalManagementSystem.csproj", "{828A66E5-3CE4-4894-AFBC-DB49318C7E66}"
EndProject
Project("{9A19103F-16F7-4668-BE54-9A1E7A4F7556}") = "Barebone", "Barebone\Barebone.csproj", "{72349B35-DC3F-40B4-9DF2-CDE11B5E770F}"
EndProject
Project("{9A19103F-16F7-4668-BE54-9A1E7A4F7556}") = "Secretaries", "Secretaries\Secretaries.csproj", "{20C00C3C-7BA9-4A95-B30F-87BD1F4C8898}"
EndProject
Project("{9A19103F-16F7-4668-BE54-9A1E7A4F7556}") = "Secretaries.Data.Abstractions", "Secretaries.Data.Abstractions\Secretaries.Data.Abstractions.csproj", "{80A145FE-BAFA-4548-A5FE-DC946E16FED9}"
EndProject
Project("{9A19103F-16F7-4668-BE54-9A1E7A4F7556}") = "Secretaries.Data.Entities", "Secretaries.Data.Entities\Secretaries.Data.Entities.csproj", "{FDF7B4AC-992F-4377-B54E-14F86EE58BF2}"
EndProject
Project("{9A19103F-16F7-4668-BE54-9A1E7A4F7556}") = "Secretaries.Data.EntityFramework.Sqlite", "Secretaries.Data.EntityFramework.Sqlite\Secretaries.Data.EntityFramework.Sqlite.csproj", "{3623217D-35FD-40B6-988E-16ECFCFE6905}"
EndProject
Project("{9A19103F-16F7-4668-BE54-9A1E7A4F7556}") = "Teachers", "Teachers\Teachers.csproj", "{0207DED4-51AB-4272-AE81-A4C052FDAD7D}"
EndProject
Project("{9A19103F-16F7-4668-BE54-9A1E7A4F7556}") = "Students", "Students\Students.csproj", "{D9B28BB8-E606-435D-A9E9-F2EC58EDD5C5}"
EndProject
Project("{2150E333-8FDC-42A3-9474-1A3956D46DE8}") = "SecretariesExtension", "SecretariesExtension", "{D1766F1E-636C-4C63-BBF4-9DAB82BD3B8A}"
EndProject
Project("{2150E333-8FDC-42A3-9474-1A3956D46DE8}") = "StudentsExtension", "StudentsExtension", "{7F1DF8A8-22BF-4573-B44F-8ABDAF960F19}"
EndProject
Project("{2150E333-8FDC-42A3-9474-1A3956D46DE8}") = "TeachersExtension", "TeachersExtension", "{466FCE46-6491-48A7-AD5C-2F459C9798C4}"
EndProject
Project("{9A19103F-16F7-4668-BE54-9A1E7A4F7556}") = "Students.Data.Entities", "Students.Data.Entities\Students.Data.Entities.csproj", "{7D5B77E7-AA51-47A8-BAF6-3352DF665614}"
EndProject
Project("{9A19103F-16F7-4668-BE54-9A1E7A4F7556}") = "Students.Data.Abstractions", "Students.Data.Abstractions\Students.Data.Abstractions.csproj", "{FD0F6346-878D-4020-8CAB-FA1CACBB34A8}"
EndProject
Project("{9A19103F-16F7-4668-BE54-9A1E7A4F7556}") = "Students.Data.EntityFramework.Sqlite", "Students.Data.EntityFramework.Sqlite\Students.Data.EntityFramework.Sqlite.csproj", "{1A282C70-59EA-4602-8070-14D4DD72D258}"
EndProject
Project("{9A19103F-16F7-4668-BE54-9A1E7A4F7556}") = "Teachers.Data.Entities", "Teachers.Data.Entities\Teachers.Data.Entities.csproj", "{941CE76B-71DD-415D-B306-789A2746286A}"
EndProject
Project("{9A19103F-16F7-4668-BE54-9A1E7A4F7556}") = "Teachers.Data.Abstractions", "Teachers.Data.Abstractions\Teachers.Data.Abstractions.csproj", "{1B897F32-2B1D-4786-8646-EBC95DF6C816}"
EndProject
Project("{9A19103F-16F7-4668-BE54-9A1E7A4F7556}") = "Teachers.Data.EntityFramework.Sqlite", "Teachers.Data.EntityFramework.Sqlite\Teachers.Data.EntityFramework.Sqlite.csproj", "{BC493EBA-18E1-4054-881C-0DE4B458FFBA}"
EndProject
Project("{9A19103F-16F7-4668-BE54-9A1E7A4F7556}") = "Identity.Data.Entities", "Identity.Data.Entities\Identity.Data.Entities.csproj", "{9E7EDB86-EAEB-428F-A142-9707EFF5B118}"
EndProject
Project("{9A19103F-16F7-4668-BE54-9A1E7A4F7556}") = "Identity.Data.EntityFramework", "Identity.Data.EntityFramework\Identity.Data.EntityFramework.csproj", "{CC18C190-18E7-47D4-B49D-A1912E51D932}"
EndProject
Project("{2150E333-8FDC-42A3-9474-1A3956D46DE8}") = "GroupsExtension", "GroupsExtension", "{60DE0860-1F38-4ACD-9994-8DACB5BA9E99}"
EndProject
Project("{9A19103F-16F7-4668-BE54-9A1E7A4F7556}") = "Groups", "Groups\Groups.csproj", "{8CE4A21E-3426-48F0-81E0-9DF51EE1DD20}"
EndProject
Project("{9A19103F-16F7-4668-BE54-9A1E7A4F7556}") = "Groups.Data.Entities", "Groups.Data.Entities\Groups.Data.Entities.csproj", "{5494A375-3C59-4830-8D07-247F9E38BCDA}"
EndProject
Project("{9A19103F-16F7-4668-BE54-9A1E7A4F7556}") = "Groups.Data.Abstractions", "Groups.Data.Abstractions\Groups.Data.Abstractions.csproj", "{F094A5BA-D425-4851-BFE4-CD043287F72D}"
EndProject
Project("{9A19103F-16F7-4668-BE54-9A1E7A4F7556}") = "Groups.Data.EntityFramework.Sqlite", "Groups.Data.EntityFramework.Sqlite\Groups.Data.EntityFramework.Sqlite.csproj", "{258017CB-84B7-4DBF-9260-3F0BC3E88D6F}"
EndProject
Project("{2150E333-8FDC-42A3-9474-1A3956D46DE8}") = "CoursesExtension", "CoursesExtension", "{0559B5D8-B8BF-4DCC-B03E-768A638ED36B}"
EndProject
Project("{9A19103F-16F7-4668-BE54-9A1E7A4F7556}") = "Courses", "Courses\Courses.csproj", "{96859753-73B0-4972-BEF3-E6FAFF505C65}"
EndProject
Project("{9A19103F-16F7-4668-BE54-9A1E7A4F7556}") = "Courses.Data.Entities", "Courses.Data.Entities\Courses.Data.Entities.csproj", "{8B1A554A-FC58-426D-BC74-C5ECA9511FC6}"
EndProject
Project("{9A19103F-16F7-4668-BE54-9A1E7A4F7556}") = "Courses.Data.Abstractions", "Courses.Data.Abstractions\Courses.Data.Abstractions.csproj", "{EDD4F9EF-7A2A-4904-8B37-70DEF6642AF7}"
EndProject
Project("{9A19103F-16F7-4668-BE54-9A1E7A4F7556}") = "Courses.Data.EntityFramework.Sqlite", "Courses.Data.EntityFramework.Sqlite\Courses.Data.EntityFramework.Sqlite.csproj", "{D4EF206C-0EF5-4919-A11D-95000A07452D}"
EndProject
Project("{2150E333-8FDC-42A3-9474-1A3956D46DE8}") = "LaboratoriesExtension", "LaboratoriesExtension", "{8FD290EB-144D-4BFC-A236-2CC968FBD8EC}"
EndProject
Project("{9A19103F-16F7-4668-BE54-9A1E7A4F7556}") = "Laboratories", "Laboratories\Laboratories.csproj", "{58B9ED61-A1E8-4659-8FAD-89926A87FA0F}"
EndProject
Project("{9A19103F-16F7-4668-BE54-9A1E7A4F7556}") = "Laboratories.Data.Entities", "Laboratories.Data.Entities\Laboratories.Data.Entities.csproj", "{FE31ED1A-C68B-42E1-94C3-572AB3203A80}"
EndProject
Project("{9A19103F-16F7-4668-BE54-9A1E7A4F7556}") = "Laboratories.Data.Abstractions", "Laboratories.Data.Abstractions\Laboratories.Data.Abstractions.csproj", "{E365A9FC-FDE1-425A-88BF-E9A0B34ECAD5}"
EndProject
Project("{9A19103F-16F7-4668-BE54-9A1E7A4F7556}") = "Laboratories.Data.EntityFramework.Sqlite", "Laboratories.Data.EntityFramework.Sqlite\Laboratories.Data.EntityFramework.Sqlite.csproj", "{E855A98F-4E31-4795-BBE1-F4FE82506F6A}"
EndProject
Project("{2150E333-8FDC-42A3-9474-1A3956D46DE8}") = "AssignmentsExtension", "AssignmentsExtension", "{E9803B1F-8B5C-43A2-A564-89F3903B8027}"
EndProject
Project("{9A19103F-16F7-4668-BE54-9A1E7A4F7556}") = "Assignments", "Assignments\Assignments.csproj", "{3834C2BE-0924-4DFF-9386-795F5057DFE9}"
EndProject
Project("{9A19103F-16F7-4668-BE54-9A1E7A4F7556}") = "Assignments.Data.Entities", "Assignments.Data.Entities\Assignments.Data.Entities.csproj", "{9EE2D3F1-77C9-4E09-A409-9CA69D0ACF43}"
EndProject
Project("{9A19103F-16F7-4668-BE54-9A1E7A4F7556}") = "Assignments.Data.Abstractions", "Assignments.Data.Abstractions\Assignments.Data.Abstractions.csproj", "{13B21D46-1DAA-40EF-837D-C165EF07BE4F}"
EndProject
Project("{9A19103F-16F7-4668-BE54-9A1E7A4F7556}") = "Assignments.Data.EntityFramework.Sqlite", "Assignments.Data.EntityFramework.Sqlite\Assignments.Data.EntityFramework.Sqlite.csproj", "{E961B2BD-6D49-4FE7-BC91-B2FDFD1A89D2}"
EndProject
Project("{2150E333-8FDC-42A3-9474-1A3956D46DE8}") = "SubmissionsExtension", "SubmissionsExtension", "{81AF9251-D114-4EBA-876E-44EAFDD6C0B7}"
EndProject
Project("{9A19103F-16F7-4668-BE54-9A1E7A4F7556}") = "Submissions", "Submissions\Submissions.csproj", "{33BC94EF-8C28-458E-86E2-EC459F912C32}"
EndProject
Project("{9A19103F-16F7-4668-BE54-9A1E7A4F7556}") = "Submissions.Data.Entities", "Submissions.Data.Entities\Submissions.Data.Entities.csproj", "{1C132F2C-A243-4510-B2C9-F8400FB74133}"
EndProject
Project("{9A19103F-16F7-4668-BE54-9A1E7A4F7556}") = "Submissions.Data.Abstractions", "Submissions.Data.Abstractions\Submissions.Data.Abstractions.csproj", "{5C7FF705-2201-4314-810B-C43205E5AF6D}"
EndProject
Project("{9A19103F-16F7-4668-BE54-9A1E7A4F7556}") = "Submissions.Data.EntityFramework.Sqlite", "Submissions.Data.EntityFramework.Sqlite\Submissions.Data.EntityFramework.Sqlite.csproj", "{74AB40E5-142C-47F0-92FD-B43A9C987517}"
EndProject
Project("{2150E333-8FDC-42A3-9474-1A3956D46DE8}") = "PostsExtension", "PostsExtension", "{B00EFC7E-3D81-4C6E-86D8-AB242FFBA404}"
EndProject
Project("{9A19103F-16F7-4668-BE54-9A1E7A4F7556}") = "Posts", "Posts\Posts.csproj", "{A409A03D-A813-4085-94E7-1391297C0669}"
EndProject
Project("{9A19103F-16F7-4668-BE54-9A1E7A4F7556}") = "Posts.Data.Entities", "Posts.Data.Entities\Posts.Data.Entities.csproj", "{4FBB9F73-F035-497D-BFC0-D8CA86F7DD98}"
EndProject
Project("{9A19103F-16F7-4668-BE54-9A1E7A4F7556}") = "Posts.Data.Abstractions", "Posts.Data.Abstractions\Posts.Data.Abstractions.csproj", "{2330176C-067F-484F-B080-6C5B17E7D899}"
EndProject
Project("{9A19103F-16F7-4668-BE54-9A1E7A4F7556}") = "Posts.Data.EntityFramework.Sqlite", "Posts.Data.EntityFramework.Sqlite\Posts.Data.EntityFramework.Sqlite.csproj", "{D722625B-8CD7-43FB-9D21-4A3A7F67B217}"
EndProject
Global
	GlobalSection(SolutionConfigurationPlatforms) = preSolution
		Debug|Any CPU = Debug|Any CPU
		Release|Any CPU = Release|Any CPU
	EndGlobalSection
	GlobalSection(ProjectConfigurationPlatforms) = postSolution
		{828A66E5-3CE4-4894-AFBC-DB49318C7E66}.Debug|Any CPU.ActiveCfg = Debug|Any CPU
		{828A66E5-3CE4-4894-AFBC-DB49318C7E66}.Debug|Any CPU.Build.0 = Debug|Any CPU
		{828A66E5-3CE4-4894-AFBC-DB49318C7E66}.Release|Any CPU.ActiveCfg = Release|Any CPU
		{828A66E5-3CE4-4894-AFBC-DB49318C7E66}.Release|Any CPU.Build.0 = Release|Any CPU
		{72349B35-DC3F-40B4-9DF2-CDE11B5E770F}.Debug|Any CPU.ActiveCfg = Debug|Any CPU
		{72349B35-DC3F-40B4-9DF2-CDE11B5E770F}.Debug|Any CPU.Build.0 = Debug|Any CPU
		{72349B35-DC3F-40B4-9DF2-CDE11B5E770F}.Release|Any CPU.ActiveCfg = Release|Any CPU
		{72349B35-DC3F-40B4-9DF2-CDE11B5E770F}.Release|Any CPU.Build.0 = Release|Any CPU
		{20C00C3C-7BA9-4A95-B30F-87BD1F4C8898}.Debug|Any CPU.ActiveCfg = Debug|Any CPU
		{20C00C3C-7BA9-4A95-B30F-87BD1F4C8898}.Debug|Any CPU.Build.0 = Debug|Any CPU
		{20C00C3C-7BA9-4A95-B30F-87BD1F4C8898}.Release|Any CPU.ActiveCfg = Release|Any CPU
		{20C00C3C-7BA9-4A95-B30F-87BD1F4C8898}.Release|Any CPU.Build.0 = Release|Any CPU
		{80A145FE-BAFA-4548-A5FE-DC946E16FED9}.Debug|Any CPU.ActiveCfg = Debug|Any CPU
		{80A145FE-BAFA-4548-A5FE-DC946E16FED9}.Debug|Any CPU.Build.0 = Debug|Any CPU
		{80A145FE-BAFA-4548-A5FE-DC946E16FED9}.Release|Any CPU.ActiveCfg = Release|Any CPU
		{80A145FE-BAFA-4548-A5FE-DC946E16FED9}.Release|Any CPU.Build.0 = Release|Any CPU
		{FDF7B4AC-992F-4377-B54E-14F86EE58BF2}.Debug|Any CPU.ActiveCfg = Debug|Any CPU
		{FDF7B4AC-992F-4377-B54E-14F86EE58BF2}.Debug|Any CPU.Build.0 = Debug|Any CPU
		{FDF7B4AC-992F-4377-B54E-14F86EE58BF2}.Release|Any CPU.ActiveCfg = Release|Any CPU
		{FDF7B4AC-992F-4377-B54E-14F86EE58BF2}.Release|Any CPU.Build.0 = Release|Any CPU
		{3623217D-35FD-40B6-988E-16ECFCFE6905}.Debug|Any CPU.ActiveCfg = Debug|Any CPU
		{3623217D-35FD-40B6-988E-16ECFCFE6905}.Debug|Any CPU.Build.0 = Debug|Any CPU
		{3623217D-35FD-40B6-988E-16ECFCFE6905}.Release|Any CPU.ActiveCfg = Release|Any CPU
		{3623217D-35FD-40B6-988E-16ECFCFE6905}.Release|Any CPU.Build.0 = Release|Any CPU
		{0207DED4-51AB-4272-AE81-A4C052FDAD7D}.Debug|Any CPU.ActiveCfg = Debug|Any CPU
		{0207DED4-51AB-4272-AE81-A4C052FDAD7D}.Debug|Any CPU.Build.0 = Debug|Any CPU
		{0207DED4-51AB-4272-AE81-A4C052FDAD7D}.Release|Any CPU.ActiveCfg = Release|Any CPU
		{0207DED4-51AB-4272-AE81-A4C052FDAD7D}.Release|Any CPU.Build.0 = Release|Any CPU
		{D9B28BB8-E606-435D-A9E9-F2EC58EDD5C5}.Debug|Any CPU.ActiveCfg = Debug|Any CPU
		{D9B28BB8-E606-435D-A9E9-F2EC58EDD5C5}.Debug|Any CPU.Build.0 = Debug|Any CPU
		{D9B28BB8-E606-435D-A9E9-F2EC58EDD5C5}.Release|Any CPU.ActiveCfg = Release|Any CPU
		{D9B28BB8-E606-435D-A9E9-F2EC58EDD5C5}.Release|Any CPU.Build.0 = Release|Any CPU
		{7D5B77E7-AA51-47A8-BAF6-3352DF665614}.Debug|Any CPU.ActiveCfg = Debug|Any CPU
		{7D5B77E7-AA51-47A8-BAF6-3352DF665614}.Debug|Any CPU.Build.0 = Debug|Any CPU
		{7D5B77E7-AA51-47A8-BAF6-3352DF665614}.Release|Any CPU.ActiveCfg = Release|Any CPU
		{7D5B77E7-AA51-47A8-BAF6-3352DF665614}.Release|Any CPU.Build.0 = Release|Any CPU
		{FD0F6346-878D-4020-8CAB-FA1CACBB34A8}.Debug|Any CPU.ActiveCfg = Debug|Any CPU
		{FD0F6346-878D-4020-8CAB-FA1CACBB34A8}.Debug|Any CPU.Build.0 = Debug|Any CPU
		{FD0F6346-878D-4020-8CAB-FA1CACBB34A8}.Release|Any CPU.ActiveCfg = Release|Any CPU
		{FD0F6346-878D-4020-8CAB-FA1CACBB34A8}.Release|Any CPU.Build.0 = Release|Any CPU
		{1A282C70-59EA-4602-8070-14D4DD72D258}.Debug|Any CPU.ActiveCfg = Debug|Any CPU
		{1A282C70-59EA-4602-8070-14D4DD72D258}.Debug|Any CPU.Build.0 = Debug|Any CPU
		{1A282C70-59EA-4602-8070-14D4DD72D258}.Release|Any CPU.ActiveCfg = Release|Any CPU
		{1A282C70-59EA-4602-8070-14D4DD72D258}.Release|Any CPU.Build.0 = Release|Any CPU
		{941CE76B-71DD-415D-B306-789A2746286A}.Debug|Any CPU.ActiveCfg = Debug|Any CPU
		{941CE76B-71DD-415D-B306-789A2746286A}.Debug|Any CPU.Build.0 = Debug|Any CPU
		{941CE76B-71DD-415D-B306-789A2746286A}.Release|Any CPU.ActiveCfg = Release|Any CPU
		{941CE76B-71DD-415D-B306-789A2746286A}.Release|Any CPU.Build.0 = Release|Any CPU
		{1B897F32-2B1D-4786-8646-EBC95DF6C816}.Debug|Any CPU.ActiveCfg = Debug|Any CPU
		{1B897F32-2B1D-4786-8646-EBC95DF6C816}.Debug|Any CPU.Build.0 = Debug|Any CPU
		{1B897F32-2B1D-4786-8646-EBC95DF6C816}.Release|Any CPU.ActiveCfg = Release|Any CPU
		{1B897F32-2B1D-4786-8646-EBC95DF6C816}.Release|Any CPU.Build.0 = Release|Any CPU
		{BC493EBA-18E1-4054-881C-0DE4B458FFBA}.Debug|Any CPU.ActiveCfg = Debug|Any CPU
		{BC493EBA-18E1-4054-881C-0DE4B458FFBA}.Debug|Any CPU.Build.0 = Debug|Any CPU
		{BC493EBA-18E1-4054-881C-0DE4B458FFBA}.Release|Any CPU.ActiveCfg = Release|Any CPU
		{BC493EBA-18E1-4054-881C-0DE4B458FFBA}.Release|Any CPU.Build.0 = Release|Any CPU
		{9E7EDB86-EAEB-428F-A142-9707EFF5B118}.Debug|Any CPU.ActiveCfg = Debug|Any CPU
		{9E7EDB86-EAEB-428F-A142-9707EFF5B118}.Debug|Any CPU.Build.0 = Debug|Any CPU
		{9E7EDB86-EAEB-428F-A142-9707EFF5B118}.Release|Any CPU.ActiveCfg = Release|Any CPU
		{9E7EDB86-EAEB-428F-A142-9707EFF5B118}.Release|Any CPU.Build.0 = Release|Any CPU
		{CC18C190-18E7-47D4-B49D-A1912E51D932}.Debug|Any CPU.ActiveCfg = Debug|Any CPU
		{CC18C190-18E7-47D4-B49D-A1912E51D932}.Debug|Any CPU.Build.0 = Debug|Any CPU
		{CC18C190-18E7-47D4-B49D-A1912E51D932}.Release|Any CPU.ActiveCfg = Release|Any CPU
		{CC18C190-18E7-47D4-B49D-A1912E51D932}.Release|Any CPU.Build.0 = Release|Any CPU
		{8CE4A21E-3426-48F0-81E0-9DF51EE1DD20}.Debug|Any CPU.ActiveCfg = Debug|Any CPU
		{8CE4A21E-3426-48F0-81E0-9DF51EE1DD20}.Debug|Any CPU.Build.0 = Debug|Any CPU
		{8CE4A21E-3426-48F0-81E0-9DF51EE1DD20}.Release|Any CPU.ActiveCfg = Release|Any CPU
		{8CE4A21E-3426-48F0-81E0-9DF51EE1DD20}.Release|Any CPU.Build.0 = Release|Any CPU
		{5494A375-3C59-4830-8D07-247F9E38BCDA}.Debug|Any CPU.ActiveCfg = Debug|Any CPU
		{5494A375-3C59-4830-8D07-247F9E38BCDA}.Debug|Any CPU.Build.0 = Debug|Any CPU
		{5494A375-3C59-4830-8D07-247F9E38BCDA}.Release|Any CPU.ActiveCfg = Release|Any CPU
		{5494A375-3C59-4830-8D07-247F9E38BCDA}.Release|Any CPU.Build.0 = Release|Any CPU
		{F094A5BA-D425-4851-BFE4-CD043287F72D}.Debug|Any CPU.ActiveCfg = Debug|Any CPU
		{F094A5BA-D425-4851-BFE4-CD043287F72D}.Debug|Any CPU.Build.0 = Debug|Any CPU
		{F094A5BA-D425-4851-BFE4-CD043287F72D}.Release|Any CPU.ActiveCfg = Release|Any CPU
		{F094A5BA-D425-4851-BFE4-CD043287F72D}.Release|Any CPU.Build.0 = Release|Any CPU
		{258017CB-84B7-4DBF-9260-3F0BC3E88D6F}.Debug|Any CPU.ActiveCfg = Debug|Any CPU
		{258017CB-84B7-4DBF-9260-3F0BC3E88D6F}.Debug|Any CPU.Build.0 = Debug|Any CPU
		{258017CB-84B7-4DBF-9260-3F0BC3E88D6F}.Release|Any CPU.ActiveCfg = Release|Any CPU
		{258017CB-84B7-4DBF-9260-3F0BC3E88D6F}.Release|Any CPU.Build.0 = Release|Any CPU
		{96859753-73B0-4972-BEF3-E6FAFF505C65}.Debug|Any CPU.ActiveCfg = Debug|Any CPU
		{96859753-73B0-4972-BEF3-E6FAFF505C65}.Debug|Any CPU.Build.0 = Debug|Any CPU
		{96859753-73B0-4972-BEF3-E6FAFF505C65}.Release|Any CPU.ActiveCfg = Release|Any CPU
		{96859753-73B0-4972-BEF3-E6FAFF505C65}.Release|Any CPU.Build.0 = Release|Any CPU
		{8B1A554A-FC58-426D-BC74-C5ECA9511FC6}.Debug|Any CPU.ActiveCfg = Debug|Any CPU
		{8B1A554A-FC58-426D-BC74-C5ECA9511FC6}.Debug|Any CPU.Build.0 = Debug|Any CPU
		{8B1A554A-FC58-426D-BC74-C5ECA9511FC6}.Release|Any CPU.ActiveCfg = Release|Any CPU
		{8B1A554A-FC58-426D-BC74-C5ECA9511FC6}.Release|Any CPU.Build.0 = Release|Any CPU
		{EDD4F9EF-7A2A-4904-8B37-70DEF6642AF7}.Debug|Any CPU.ActiveCfg = Debug|Any CPU
		{EDD4F9EF-7A2A-4904-8B37-70DEF6642AF7}.Debug|Any CPU.Build.0 = Debug|Any CPU
		{EDD4F9EF-7A2A-4904-8B37-70DEF6642AF7}.Release|Any CPU.ActiveCfg = Release|Any CPU
		{EDD4F9EF-7A2A-4904-8B37-70DEF6642AF7}.Release|Any CPU.Build.0 = Release|Any CPU
		{D4EF206C-0EF5-4919-A11D-95000A07452D}.Debug|Any CPU.ActiveCfg = Debug|Any CPU
		{D4EF206C-0EF5-4919-A11D-95000A07452D}.Debug|Any CPU.Build.0 = Debug|Any CPU
		{D4EF206C-0EF5-4919-A11D-95000A07452D}.Release|Any CPU.ActiveCfg = Release|Any CPU
		{D4EF206C-0EF5-4919-A11D-95000A07452D}.Release|Any CPU.Build.0 = Release|Any CPU
		{58B9ED61-A1E8-4659-8FAD-89926A87FA0F}.Debug|Any CPU.ActiveCfg = Debug|Any CPU
		{58B9ED61-A1E8-4659-8FAD-89926A87FA0F}.Debug|Any CPU.Build.0 = Debug|Any CPU
		{58B9ED61-A1E8-4659-8FAD-89926A87FA0F}.Release|Any CPU.ActiveCfg = Release|Any CPU
		{58B9ED61-A1E8-4659-8FAD-89926A87FA0F}.Release|Any CPU.Build.0 = Release|Any CPU
		{FE31ED1A-C68B-42E1-94C3-572AB3203A80}.Debug|Any CPU.ActiveCfg = Debug|Any CPU
		{FE31ED1A-C68B-42E1-94C3-572AB3203A80}.Debug|Any CPU.Build.0 = Debug|Any CPU
		{FE31ED1A-C68B-42E1-94C3-572AB3203A80}.Release|Any CPU.ActiveCfg = Release|Any CPU
		{FE31ED1A-C68B-42E1-94C3-572AB3203A80}.Release|Any CPU.Build.0 = Release|Any CPU
		{E365A9FC-FDE1-425A-88BF-E9A0B34ECAD5}.Debug|Any CPU.ActiveCfg = Debug|Any CPU
		{E365A9FC-FDE1-425A-88BF-E9A0B34ECAD5}.Debug|Any CPU.Build.0 = Debug|Any CPU
		{E365A9FC-FDE1-425A-88BF-E9A0B34ECAD5}.Release|Any CPU.ActiveCfg = Release|Any CPU
		{E365A9FC-FDE1-425A-88BF-E9A0B34ECAD5}.Release|Any CPU.Build.0 = Release|Any CPU
		{E855A98F-4E31-4795-BBE1-F4FE82506F6A}.Debug|Any CPU.ActiveCfg = Debug|Any CPU
		{E855A98F-4E31-4795-BBE1-F4FE82506F6A}.Debug|Any CPU.Build.0 = Debug|Any CPU
		{E855A98F-4E31-4795-BBE1-F4FE82506F6A}.Release|Any CPU.ActiveCfg = Release|Any CPU
		{E855A98F-4E31-4795-BBE1-F4FE82506F6A}.Release|Any CPU.Build.0 = Release|Any CPU
		{3834C2BE-0924-4DFF-9386-795F5057DFE9}.Debug|Any CPU.ActiveCfg = Debug|Any CPU
		{3834C2BE-0924-4DFF-9386-795F5057DFE9}.Debug|Any CPU.Build.0 = Debug|Any CPU
		{3834C2BE-0924-4DFF-9386-795F5057DFE9}.Release|Any CPU.ActiveCfg = Release|Any CPU
		{3834C2BE-0924-4DFF-9386-795F5057DFE9}.Release|Any CPU.Build.0 = Release|Any CPU
		{9EE2D3F1-77C9-4E09-A409-9CA69D0ACF43}.Debug|Any CPU.ActiveCfg = Debug|Any CPU
		{9EE2D3F1-77C9-4E09-A409-9CA69D0ACF43}.Debug|Any CPU.Build.0 = Debug|Any CPU
		{9EE2D3F1-77C9-4E09-A409-9CA69D0ACF43}.Release|Any CPU.ActiveCfg = Release|Any CPU
		{9EE2D3F1-77C9-4E09-A409-9CA69D0ACF43}.Release|Any CPU.Build.0 = Release|Any CPU
		{13B21D46-1DAA-40EF-837D-C165EF07BE4F}.Debug|Any CPU.ActiveCfg = Debug|Any CPU
		{13B21D46-1DAA-40EF-837D-C165EF07BE4F}.Debug|Any CPU.Build.0 = Debug|Any CPU
		{13B21D46-1DAA-40EF-837D-C165EF07BE4F}.Release|Any CPU.ActiveCfg = Release|Any CPU
		{13B21D46-1DAA-40EF-837D-C165EF07BE4F}.Release|Any CPU.Build.0 = Release|Any CPU
		{E961B2BD-6D49-4FE7-BC91-B2FDFD1A89D2}.Debug|Any CPU.ActiveCfg = Debug|Any CPU
		{E961B2BD-6D49-4FE7-BC91-B2FDFD1A89D2}.Debug|Any CPU.Build.0 = Debug|Any CPU
		{E961B2BD-6D49-4FE7-BC91-B2FDFD1A89D2}.Release|Any CPU.ActiveCfg = Release|Any CPU
		{E961B2BD-6D49-4FE7-BC91-B2FDFD1A89D2}.Release|Any CPU.Build.0 = Release|Any CPU
		{33BC94EF-8C28-458E-86E2-EC459F912C32}.Debug|Any CPU.ActiveCfg = Debug|Any CPU
		{33BC94EF-8C28-458E-86E2-EC459F912C32}.Debug|Any CPU.Build.0 = Debug|Any CPU
		{33BC94EF-8C28-458E-86E2-EC459F912C32}.Release|Any CPU.ActiveCfg = Release|Any CPU
		{33BC94EF-8C28-458E-86E2-EC459F912C32}.Release|Any CPU.Build.0 = Release|Any CPU
		{1C132F2C-A243-4510-B2C9-F8400FB74133}.Debug|Any CPU.ActiveCfg = Debug|Any CPU
		{1C132F2C-A243-4510-B2C9-F8400FB74133}.Debug|Any CPU.Build.0 = Debug|Any CPU
		{1C132F2C-A243-4510-B2C9-F8400FB74133}.Release|Any CPU.ActiveCfg = Release|Any CPU
		{1C132F2C-A243-4510-B2C9-F8400FB74133}.Release|Any CPU.Build.0 = Release|Any CPU
		{5C7FF705-2201-4314-810B-C43205E5AF6D}.Debug|Any CPU.ActiveCfg = Debug|Any CPU
		{5C7FF705-2201-4314-810B-C43205E5AF6D}.Debug|Any CPU.Build.0 = Debug|Any CPU
		{5C7FF705-2201-4314-810B-C43205E5AF6D}.Release|Any CPU.ActiveCfg = Release|Any CPU
		{5C7FF705-2201-4314-810B-C43205E5AF6D}.Release|Any CPU.Build.0 = Release|Any CPU
		{74AB40E5-142C-47F0-92FD-B43A9C987517}.Debug|Any CPU.ActiveCfg = Debug|Any CPU
		{74AB40E5-142C-47F0-92FD-B43A9C987517}.Debug|Any CPU.Build.0 = Debug|Any CPU
		{74AB40E5-142C-47F0-92FD-B43A9C987517}.Release|Any CPU.ActiveCfg = Release|Any CPU
		{74AB40E5-142C-47F0-92FD-B43A9C987517}.Release|Any CPU.Build.0 = Release|Any CPU
		{A409A03D-A813-4085-94E7-1391297C0669}.Debug|Any CPU.ActiveCfg = Debug|Any CPU
		{A409A03D-A813-4085-94E7-1391297C0669}.Debug|Any CPU.Build.0 = Debug|Any CPU
		{A409A03D-A813-4085-94E7-1391297C0669}.Release|Any CPU.ActiveCfg = Release|Any CPU
		{A409A03D-A813-4085-94E7-1391297C0669}.Release|Any CPU.Build.0 = Release|Any CPU
		{4FBB9F73-F035-497D-BFC0-D8CA86F7DD98}.Debug|Any CPU.ActiveCfg = Debug|Any CPU
		{4FBB9F73-F035-497D-BFC0-D8CA86F7DD98}.Debug|Any CPU.Build.0 = Debug|Any CPU
		{4FBB9F73-F035-497D-BFC0-D8CA86F7DD98}.Release|Any CPU.ActiveCfg = Release|Any CPU
		{4FBB9F73-F035-497D-BFC0-D8CA86F7DD98}.Release|Any CPU.Build.0 = Release|Any CPU
		{2330176C-067F-484F-B080-6C5B17E7D899}.Debug|Any CPU.ActiveCfg = Debug|Any CPU
		{2330176C-067F-484F-B080-6C5B17E7D899}.Debug|Any CPU.Build.0 = Debug|Any CPU
		{2330176C-067F-484F-B080-6C5B17E7D899}.Release|Any CPU.ActiveCfg = Release|Any CPU
		{2330176C-067F-484F-B080-6C5B17E7D899}.Release|Any CPU.Build.0 = Release|Any CPU
		{D722625B-8CD7-43FB-9D21-4A3A7F67B217}.Debug|Any CPU.ActiveCfg = Debug|Any CPU
		{D722625B-8CD7-43FB-9D21-4A3A7F67B217}.Debug|Any CPU.Build.0 = Debug|Any CPU
		{D722625B-8CD7-43FB-9D21-4A3A7F67B217}.Release|Any CPU.ActiveCfg = Release|Any CPU
		{D722625B-8CD7-43FB-9D21-4A3A7F67B217}.Release|Any CPU.Build.0 = Release|Any CPU
	EndGlobalSection
	GlobalSection(SolutionProperties) = preSolution
		HideSolutionNode = FALSE
	EndGlobalSection
	GlobalSection(NestedProjects) = preSolution
		{20C00C3C-7BA9-4A95-B30F-87BD1F4C8898} = {D1766F1E-636C-4C63-BBF4-9DAB82BD3B8A}
		{80A145FE-BAFA-4548-A5FE-DC946E16FED9} = {D1766F1E-636C-4C63-BBF4-9DAB82BD3B8A}
		{FDF7B4AC-992F-4377-B54E-14F86EE58BF2} = {D1766F1E-636C-4C63-BBF4-9DAB82BD3B8A}
		{3623217D-35FD-40B6-988E-16ECFCFE6905} = {D1766F1E-636C-4C63-BBF4-9DAB82BD3B8A}
		{0207DED4-51AB-4272-AE81-A4C052FDAD7D} = {466FCE46-6491-48A7-AD5C-2F459C9798C4}
		{D9B28BB8-E606-435D-A9E9-F2EC58EDD5C5} = {7F1DF8A8-22BF-4573-B44F-8ABDAF960F19}
		{7D5B77E7-AA51-47A8-BAF6-3352DF665614} = {7F1DF8A8-22BF-4573-B44F-8ABDAF960F19}
		{FD0F6346-878D-4020-8CAB-FA1CACBB34A8} = {7F1DF8A8-22BF-4573-B44F-8ABDAF960F19}
		{1A282C70-59EA-4602-8070-14D4DD72D258} = {7F1DF8A8-22BF-4573-B44F-8ABDAF960F19}
		{941CE76B-71DD-415D-B306-789A2746286A} = {466FCE46-6491-48A7-AD5C-2F459C9798C4}
		{1B897F32-2B1D-4786-8646-EBC95DF6C816} = {466FCE46-6491-48A7-AD5C-2F459C9798C4}
		{BC493EBA-18E1-4054-881C-0DE4B458FFBA} = {466FCE46-6491-48A7-AD5C-2F459C9798C4}
		{8CE4A21E-3426-48F0-81E0-9DF51EE1DD20} = {60DE0860-1F38-4ACD-9994-8DACB5BA9E99}
		{5494A375-3C59-4830-8D07-247F9E38BCDA} = {60DE0860-1F38-4ACD-9994-8DACB5BA9E99}
		{F094A5BA-D425-4851-BFE4-CD043287F72D} = {60DE0860-1F38-4ACD-9994-8DACB5BA9E99}
		{258017CB-84B7-4DBF-9260-3F0BC3E88D6F} = {60DE0860-1F38-4ACD-9994-8DACB5BA9E99}
		{96859753-73B0-4972-BEF3-E6FAFF505C65} = {0559B5D8-B8BF-4DCC-B03E-768A638ED36B}
		{8B1A554A-FC58-426D-BC74-C5ECA9511FC6} = {0559B5D8-B8BF-4DCC-B03E-768A638ED36B}
		{EDD4F9EF-7A2A-4904-8B37-70DEF6642AF7} = {0559B5D8-B8BF-4DCC-B03E-768A638ED36B}
		{D4EF206C-0EF5-4919-A11D-95000A07452D} = {0559B5D8-B8BF-4DCC-B03E-768A638ED36B}
		{58B9ED61-A1E8-4659-8FAD-89926A87FA0F} = {8FD290EB-144D-4BFC-A236-2CC968FBD8EC}
		{FE31ED1A-C68B-42E1-94C3-572AB3203A80} = {8FD290EB-144D-4BFC-A236-2CC968FBD8EC}
		{E365A9FC-FDE1-425A-88BF-E9A0B34ECAD5} = {8FD290EB-144D-4BFC-A236-2CC968FBD8EC}
		{E855A98F-4E31-4795-BBE1-F4FE82506F6A} = {8FD290EB-144D-4BFC-A236-2CC968FBD8EC}
		{3834C2BE-0924-4DFF-9386-795F5057DFE9} = {E9803B1F-8B5C-43A2-A564-89F3903B8027}
		{9EE2D3F1-77C9-4E09-A409-9CA69D0ACF43} = {E9803B1F-8B5C-43A2-A564-89F3903B8027}
		{13B21D46-1DAA-40EF-837D-C165EF07BE4F} = {E9803B1F-8B5C-43A2-A564-89F3903B8027}
		{E961B2BD-6D49-4FE7-BC91-B2FDFD1A89D2} = {E9803B1F-8B5C-43A2-A564-89F3903B8027}
		{33BC94EF-8C28-458E-86E2-EC459F912C32} = {81AF9251-D114-4EBA-876E-44EAFDD6C0B7}
		{1C132F2C-A243-4510-B2C9-F8400FB74133} = {81AF9251-D114-4EBA-876E-44EAFDD6C0B7}
		{5C7FF705-2201-4314-810B-C43205E5AF6D} = {81AF9251-D114-4EBA-876E-44EAFDD6C0B7}
		{74AB40E5-142C-47F0-92FD-B43A9C987517} = {81AF9251-D114-4EBA-876E-44EAFDD6C0B7}
		{A409A03D-A813-4085-94E7-1391297C0669} = {B00EFC7E-3D81-4C6E-86D8-AB242FFBA404}
		{4FBB9F73-F035-497D-BFC0-D8CA86F7DD98} = {B00EFC7E-3D81-4C6E-86D8-AB242FFBA404}
		{2330176C-067F-484F-B080-6C5B17E7D899} = {B00EFC7E-3D81-4C6E-86D8-AB242FFBA404}
		{D722625B-8CD7-43FB-9D21-4A3A7F67B217} = {B00EFC7E-3D81-4C6E-86D8-AB242FFBA404}
	EndGlobalSection
	GlobalSection(ExtensibilityGlobals) = postSolution
		SolutionGuid = {794B2AAE-64F0-40E7-8765-DD99AFA6D049}
	EndGlobalSection
EndGlobal
