
Microsoft Visual Studio Solution File, Format Version 12.00
# Visual Studio Version 17
VisualStudioVersion = 17.0.32002.185
MinimumVisualStudioVersion = 10.0.40219.1
Project("{9A19103F-16F7-4668-BE54-9A1E7A4F7556}") = "EducationalManagementSystem", "EducationalManagementSystem\EducationalManagementSystem.csproj", "{828A66E5-3CE4-4894-AFBC-DB49318C7E66}"
EndProject
Project("{9A19103F-16F7-4668-BE54-9A1E7A4F7556}") = "Barebone", "Barebone\Barebone.csproj", "{72349B35-DC3F-40B4-9DF2-CDE11B5E770F}"
EndProject
Project("{9A19103F-16F7-4668-BE54-9A1E7A4F7556}") = "Secretaries", "Secretaries\Secretaries.csproj", "{20C00C3C-7BA9-4A95-B30F-87BD1F4C8898}"
EndProject
Project("{9A19103F-16F7-4668-BE54-9A1E7A4F7556}") = "Secretaries.Data.Abstractions", "Secretaries.Data.Abstractions\Secretaries.Data.Abstractions.csproj", "{80A145FE-BAFA-4548-A5FE-DC946E16FED9}"
EndProject
Project("{9A19103F-16F7-4668-BE54-9A1E7A4F7556}") = "Secretaries.Data.Entities", "Secretaries.Data.Entities\Secretaries.Data.Entities.csproj", "{FDF7B4AC-992F-4377-B54E-14F86EE58BF2}"
EndProject
Project("{9A19103F-16F7-4668-BE54-9A1E7A4F7556}") = "Secretaries.Data.EntityFramework.Sqlite", "Secretaries.Data.EntityFramework.Sqlite\Secretaries.Data.EntityFramework.Sqlite.csproj", "{3623217D-35FD-40B6-988E-16ECFCFE6905}"
EndProject
Project("{9A19103F-16F7-4668-BE54-9A1E7A4F7556}") = "Teachers", "Teachers\Teachers.csproj", "{0207DED4-51AB-4272-AE81-A4C052FDAD7D}"
EndProject
Project("{9A19103F-16F7-4668-BE54-9A1E7A4F7556}") = "Students", "Students\Students.csproj", "{D9B28BB8-E606-435D-A9E9-F2EC58EDD5C5}"
EndProject
Project("{2150E333-8FDC-42A3-9474-1A3956D46DE8}") = "SecretariesExtension", "SecretariesExtension", "{D1766F1E-636C-4C63-BBF4-9DAB82BD3B8A}"
EndProject
Project("{2150E333-8FDC-42A3-9474-1A3956D46DE8}") = "StudentsExtension", "StudentsExtension", "{7F1DF8A8-22BF-4573-B44F-8ABDAF960F19}"
EndProject
Project("{2150E333-8FDC-42A3-9474-1A3956D46DE8}") = "TeachersExtension", "TeachersExtension", "{466FCE46-6491-48A7-AD5C-2F459C9798C4}"
EndProject
Project("{9A19103F-16F7-4668-BE54-9A1E7A4F7556}") = "Students.Data.Entities", "Students.Data.Entities\Students.Data.Entities.csproj", "{7D5B77E7-AA51-47A8-BAF6-3352DF665614}"
EndProject
Project("{9A19103F-16F7-4668-BE54-9A1E7A4F7556}") = "Students.Data.Abstractions", "Students.Data.Abstractions\Students.Data.Abstractions.csproj", "{FD0F6346-878D-4020-8CAB-FA1CACBB34A8}"
EndProject
Project("{9A19103F-16F7-4668-BE54-9A1E7A4F7556}") = "Students.Data.EntityFramework.Sqlite", "Students.Data.EntityFramework.Sqlite\Students.Data.EntityFramework.Sqlite.csproj", "{1A282C70-59EA-4602-8070-14D4DD72D258}"
EndProject
Project("{9A19103F-16F7-4668-BE54-9A1E7A4F7556}") = "Teachers.Data.Entities", "Teachers.Data.Entities\Teachers.Data.Entities.csproj", "{941CE76B-71DD-415D-B306-789A2746286A}"
EndProject
Project("{9A19103F-16F7-4668-BE54-9A1E7A4F7556}") = "Teachers.Data.Abstractions", "Teachers.Data.Abstractions\Teachers.Data.Abstractions.csproj", "{1B897F32-2B1D-4786-8646-EBC95DF6C816}"
EndProject
Project("{9A19103F-16F7-4668-BE54-9A1E7A4F7556}") = "Teachers.Data.EntityFramework.Sqlite", "Teachers.Data.EntityFramework.Sqlite\Teachers.Data.EntityFramework.Sqlite.csproj", "{BC493EBA-18E1-4054-881C-0DE4B458FFBA}"
EndProject
Project("{9A19103F-16F7-4668-BE54-9A1E7A4F7556}") = "Identity.Data.Entities", "Identity.Data.Entities\Identity.Data.Entities.csproj", "{9E7EDB86-EAEB-428F-A142-9707EFF5B118}"
EndProject
Project("{9A19103F-16F7-4668-BE54-9A1E7A4F7556}") = "Identity.Data.EntityFramework", "Identity.Data.EntityFramework\Identity.Data.EntityFramework.csproj", "{CC18C190-18E7-47D4-B49D-A1912E51D932}"
EndProject
Project("{9A19103F-16F7-4668-BE54-9A1E7A4F7556}") = "Subjects", "Subjects\Subjects.csproj", "{1EFF0159-0760-4586-9EBA-66CD87EE67A6}"
EndProject
Project("{2150E333-8FDC-42A3-9474-1A3956D46DE8}") = "SubjectsExtension", "SubjectsExtension", "{0F7322DA-E014-40F5-9512-A44F4780EB9D}"
EndProject
Project("{9A19103F-16F7-4668-BE54-9A1E7A4F7556}") = "Subjects.Data.Entities", "Subjects.Data.Entities\Subjects.Data.Entities.csproj", "{9284F9CC-71E2-473E-AB79-2F7BEA37A641}"
EndProject
Project("{9A19103F-16F7-4668-BE54-9A1E7A4F7556}") = "Subjects.Data.Abstractions", "Subjects.Data.Abstractions\Subjects.Data.Abstractions.csproj", "{0456A06E-7F48-42FA-B83C-34B26D314023}"
EndProject
Project("{2150E333-8FDC-42A3-9474-1A3956D46DE8}") = "GroupsExtension", "GroupsExtension", "{60DE0860-1F38-4ACD-9994-8DACB5BA9E99}"
EndProject
Project("{9A19103F-16F7-4668-BE54-9A1E7A4F7556}") = "Groups", "Groups\Groups.csproj", "{8CE4A21E-3426-48F0-81E0-9DF51EE1DD20}"
EndProject
Project("{9A19103F-16F7-4668-BE54-9A1E7A4F7556}") = "Groups.Data.Entities", "Groups.Data.Entities\Groups.Data.Entities.csproj", "{5494A375-3C59-4830-8D07-247F9E38BCDA}"
EndProject
Project("{9A19103F-16F7-4668-BE54-9A1E7A4F7556}") = "Groups.Data.Abstractions", "Groups.Data.Abstractions\Groups.Data.Abstractions.csproj", "{F094A5BA-D425-4851-BFE4-CD043287F72D}"
EndProject
Project("{9A19103F-16F7-4668-BE54-9A1E7A4F7556}") = "Groups.Data.EntityFramework.Sqlite", "Groups.Data.EntityFramework.Sqlite\Groups.Data.EntityFramework.Sqlite.csproj", "{258017CB-84B7-4DBF-9260-3F0BC3E88D6F}"
EndProject
Project("{FAE04EC0-301F-11D3-BF4B-00C04F79EFBC}") = "Subjects.Data.EntityFramework.Sqlite", "Subjects.Data.EntityFramework.Sqlite\Subjects.Data.EntityFramework.Sqlite.csproj", "{85CF9F0C-FB62-44B4-B1DF-0CE6DD130308}"
EndProject
Global
	GlobalSection(SolutionConfigurationPlatforms) = preSolution
		Debug|Any CPU = Debug|Any CPU
		Release|Any CPU = Release|Any CPU
	EndGlobalSection
	GlobalSection(ProjectConfigurationPlatforms) = postSolution
		{828A66E5-3CE4-4894-AFBC-DB49318C7E66}.Debug|Any CPU.ActiveCfg = Debug|Any CPU
		{828A66E5-3CE4-4894-AFBC-DB49318C7E66}.Debug|Any CPU.Build.0 = Debug|Any CPU
		{828A66E5-3CE4-4894-AFBC-DB49318C7E66}.Release|Any CPU.ActiveCfg = Release|Any CPU
		{828A66E5-3CE4-4894-AFBC-DB49318C7E66}.Release|Any CPU.Build.0 = Release|Any CPU
		{72349B35-DC3F-40B4-9DF2-CDE11B5E770F}.Debug|Any CPU.ActiveCfg = Debug|Any CPU
		{72349B35-DC3F-40B4-9DF2-CDE11B5E770F}.Debug|Any CPU.Build.0 = Debug|Any CPU
		{72349B35-DC3F-40B4-9DF2-CDE11B5E770F}.Release|Any CPU.ActiveCfg = Release|Any CPU
		{72349B35-DC3F-40B4-9DF2-CDE11B5E770F}.Release|Any CPU.Build.0 = Release|Any CPU
		{20C00C3C-7BA9-4A95-B30F-87BD1F4C8898}.Debug|Any CPU.ActiveCfg = Debug|Any CPU
		{20C00C3C-7BA9-4A95-B30F-87BD1F4C8898}.Debug|Any CPU.Build.0 = Debug|Any CPU
		{20C00C3C-7BA9-4A95-B30F-87BD1F4C8898}.Release|Any CPU.ActiveCfg = Release|Any CPU
		{20C00C3C-7BA9-4A95-B30F-87BD1F4C8898}.Release|Any CPU.Build.0 = Release|Any CPU
		{80A145FE-BAFA-4548-A5FE-DC946E16FED9}.Debug|Any CPU.ActiveCfg = Debug|Any CPU
		{80A145FE-BAFA-4548-A5FE-DC946E16FED9}.Debug|Any CPU.Build.0 = Debug|Any CPU
		{80A145FE-BAFA-4548-A5FE-DC946E16FED9}.Release|Any CPU.ActiveCfg = Release|Any CPU
		{80A145FE-BAFA-4548-A5FE-DC946E16FED9}.Release|Any CPU.Build.0 = Release|Any CPU
		{FDF7B4AC-992F-4377-B54E-14F86EE58BF2}.Debug|Any CPU.ActiveCfg = Debug|Any CPU
		{FDF7B4AC-992F-4377-B54E-14F86EE58BF2}.Debug|Any CPU.Build.0 = Debug|Any CPU
		{FDF7B4AC-992F-4377-B54E-14F86EE58BF2}.Release|Any CPU.ActiveCfg = Release|Any CPU
		{FDF7B4AC-992F-4377-B54E-14F86EE58BF2}.Release|Any CPU.Build.0 = Release|Any CPU
		{3623217D-35FD-40B6-988E-16ECFCFE6905}.Debug|Any CPU.ActiveCfg = Debug|Any CPU
		{3623217D-35FD-40B6-988E-16ECFCFE6905}.Debug|Any CPU.Build.0 = Debug|Any CPU
		{3623217D-35FD-40B6-988E-16ECFCFE6905}.Release|Any CPU.ActiveCfg = Release|Any CPU
		{3623217D-35FD-40B6-988E-16ECFCFE6905}.Release|Any CPU.Build.0 = Release|Any CPU
		{0207DED4-51AB-4272-AE81-A4C052FDAD7D}.Debug|Any CPU.ActiveCfg = Debug|Any CPU
		{0207DED4-51AB-4272-AE81-A4C052FDAD7D}.Debug|Any CPU.Build.0 = Debug|Any CPU
		{0207DED4-51AB-4272-AE81-A4C052FDAD7D}.Release|Any CPU.ActiveCfg = Release|Any CPU
		{0207DED4-51AB-4272-AE81-A4C052FDAD7D}.Release|Any CPU.Build.0 = Release|Any CPU
		{D9B28BB8-E606-435D-A9E9-F2EC58EDD5C5}.Debug|Any CPU.ActiveCfg = Debug|Any CPU
		{D9B28BB8-E606-435D-A9E9-F2EC58EDD5C5}.Debug|Any CPU.Build.0 = Debug|Any CPU
		{D9B28BB8-E606-435D-A9E9-F2EC58EDD5C5}.Release|Any CPU.ActiveCfg = Release|Any CPU
		{D9B28BB8-E606-435D-A9E9-F2EC58EDD5C5}.Release|Any CPU.Build.0 = Release|Any CPU
		{7D5B77E7-AA51-47A8-BAF6-3352DF665614}.Debug|Any CPU.ActiveCfg = Debug|Any CPU
		{7D5B77E7-AA51-47A8-BAF6-3352DF665614}.Debug|Any CPU.Build.0 = Debug|Any CPU
		{7D5B77E7-AA51-47A8-BAF6-3352DF665614}.Release|Any CPU.ActiveCfg = Release|Any CPU
		{7D5B77E7-AA51-47A8-BAF6-3352DF665614}.Release|Any CPU.Build.0 = Release|Any CPU
		{FD0F6346-878D-4020-8CAB-FA1CACBB34A8}.Debug|Any CPU.ActiveCfg = Debug|Any CPU
		{FD0F6346-878D-4020-8CAB-FA1CACBB34A8}.Debug|Any CPU.Build.0 = Debug|Any CPU
		{FD0F6346-878D-4020-8CAB-FA1CACBB34A8}.Release|Any CPU.ActiveCfg = Release|Any CPU
		{FD0F6346-878D-4020-8CAB-FA1CACBB34A8}.Release|Any CPU.Build.0 = Release|Any CPU
		{1A282C70-59EA-4602-8070-14D4DD72D258}.Debug|Any CPU.ActiveCfg = Debug|Any CPU
		{1A282C70-59EA-4602-8070-14D4DD72D258}.Debug|Any CPU.Build.0 = Debug|Any CPU
		{1A282C70-59EA-4602-8070-14D4DD72D258}.Release|Any CPU.ActiveCfg = Release|Any CPU
		{1A282C70-59EA-4602-8070-14D4DD72D258}.Release|Any CPU.Build.0 = Release|Any CPU
		{941CE76B-71DD-415D-B306-789A2746286A}.Debug|Any CPU.ActiveCfg = Debug|Any CPU
		{941CE76B-71DD-415D-B306-789A2746286A}.Debug|Any CPU.Build.0 = Debug|Any CPU
		{941CE76B-71DD-415D-B306-789A2746286A}.Release|Any CPU.ActiveCfg = Release|Any CPU
		{941CE76B-71DD-415D-B306-789A2746286A}.Release|Any CPU.Build.0 = Release|Any CPU
		{1B897F32-2B1D-4786-8646-EBC95DF6C816}.Debug|Any CPU.ActiveCfg = Debug|Any CPU
		{1B897F32-2B1D-4786-8646-EBC95DF6C816}.Debug|Any CPU.Build.0 = Debug|Any CPU
		{1B897F32-2B1D-4786-8646-EBC95DF6C816}.Release|Any CPU.ActiveCfg = Release|Any CPU
		{1B897F32-2B1D-4786-8646-EBC95DF6C816}.Release|Any CPU.Build.0 = Release|Any CPU
		{BC493EBA-18E1-4054-881C-0DE4B458FFBA}.Debug|Any CPU.ActiveCfg = Debug|Any CPU
		{BC493EBA-18E1-4054-881C-0DE4B458FFBA}.Debug|Any CPU.Build.0 = Debug|Any CPU
		{BC493EBA-18E1-4054-881C-0DE4B458FFBA}.Release|Any CPU.ActiveCfg = Release|Any CPU
		{BC493EBA-18E1-4054-881C-0DE4B458FFBA}.Release|Any CPU.Build.0 = Release|Any CPU
		{9E7EDB86-EAEB-428F-A142-9707EFF5B118}.Debug|Any CPU.ActiveCfg = Debug|Any CPU
		{9E7EDB86-EAEB-428F-A142-9707EFF5B118}.Debug|Any CPU.Build.0 = Debug|Any CPU
		{9E7EDB86-EAEB-428F-A142-9707EFF5B118}.Release|Any CPU.ActiveCfg = Release|Any CPU
		{9E7EDB86-EAEB-428F-A142-9707EFF5B118}.Release|Any CPU.Build.0 = Release|Any CPU
		{CC18C190-18E7-47D4-B49D-A1912E51D932}.Debug|Any CPU.ActiveCfg = Debug|Any CPU
		{CC18C190-18E7-47D4-B49D-A1912E51D932}.Debug|Any CPU.Build.0 = Debug|Any CPU
		{CC18C190-18E7-47D4-B49D-A1912E51D932}.Release|Any CPU.ActiveCfg = Release|Any CPU
		{CC18C190-18E7-47D4-B49D-A1912E51D932}.Release|Any CPU.Build.0 = Release|Any CPU
		{1EFF0159-0760-4586-9EBA-66CD87EE67A6}.Debug|Any CPU.ActiveCfg = Debug|Any CPU
		{1EFF0159-0760-4586-9EBA-66CD87EE67A6}.Debug|Any CPU.Build.0 = Debug|Any CPU
		{1EFF0159-0760-4586-9EBA-66CD87EE67A6}.Release|Any CPU.ActiveCfg = Release|Any CPU
		{1EFF0159-0760-4586-9EBA-66CD87EE67A6}.Release|Any CPU.Build.0 = Release|Any CPU
		{9284F9CC-71E2-473E-AB79-2F7BEA37A641}.Debug|Any CPU.ActiveCfg = Debug|Any CPU
		{9284F9CC-71E2-473E-AB79-2F7BEA37A641}.Debug|Any CPU.Build.0 = Debug|Any CPU
		{9284F9CC-71E2-473E-AB79-2F7BEA37A641}.Release|Any CPU.ActiveCfg = Release|Any CPU
		{9284F9CC-71E2-473E-AB79-2F7BEA37A641}.Release|Any CPU.Build.0 = Release|Any CPU
		{0456A06E-7F48-42FA-B83C-34B26D314023}.Debug|Any CPU.ActiveCfg = Debug|Any CPU
		{0456A06E-7F48-42FA-B83C-34B26D314023}.Debug|Any CPU.Build.0 = Debug|Any CPU
		{0456A06E-7F48-42FA-B83C-34B26D314023}.Release|Any CPU.ActiveCfg = Release|Any CPU
		{0456A06E-7F48-42FA-B83C-34B26D314023}.Release|Any CPU.Build.0 = Release|Any CPU
		{8CE4A21E-3426-48F0-81E0-9DF51EE1DD20}.Debug|Any CPU.ActiveCfg = Debug|Any CPU
		{8CE4A21E-3426-48F0-81E0-9DF51EE1DD20}.Debug|Any CPU.Build.0 = Debug|Any CPU
		{8CE4A21E-3426-48F0-81E0-9DF51EE1DD20}.Release|Any CPU.ActiveCfg = Release|Any CPU
		{8CE4A21E-3426-48F0-81E0-9DF51EE1DD20}.Release|Any CPU.Build.0 = Release|Any CPU
		{5494A375-3C59-4830-8D07-247F9E38BCDA}.Debug|Any CPU.ActiveCfg = Debug|Any CPU
		{5494A375-3C59-4830-8D07-247F9E38BCDA}.Debug|Any CPU.Build.0 = Debug|Any CPU
		{5494A375-3C59-4830-8D07-247F9E38BCDA}.Release|Any CPU.ActiveCfg = Release|Any CPU
		{5494A375-3C59-4830-8D07-247F9E38BCDA}.Release|Any CPU.Build.0 = Release|Any CPU
		{F094A5BA-D425-4851-BFE4-CD043287F72D}.Debug|Any CPU.ActiveCfg = Debug|Any CPU
		{F094A5BA-D425-4851-BFE4-CD043287F72D}.Debug|Any CPU.Build.0 = Debug|Any CPU
		{F094A5BA-D425-4851-BFE4-CD043287F72D}.Release|Any CPU.ActiveCfg = Release|Any CPU
		{F094A5BA-D425-4851-BFE4-CD043287F72D}.Release|Any CPU.Build.0 = Release|Any CPU
		{258017CB-84B7-4DBF-9260-3F0BC3E88D6F}.Debug|Any CPU.ActiveCfg = Debug|Any CPU
		{258017CB-84B7-4DBF-9260-3F0BC3E88D6F}.Debug|Any CPU.Build.0 = Debug|Any CPU
		{258017CB-84B7-4DBF-9260-3F0BC3E88D6F}.Release|Any CPU.ActiveCfg = Release|Any CPU
		{258017CB-84B7-4DBF-9260-3F0BC3E88D6F}.Release|Any CPU.Build.0 = Release|Any CPU
		{85CF9F0C-FB62-44B4-B1DF-0CE6DD130308}.Debug|Any CPU.ActiveCfg = Debug|Any CPU
		{85CF9F0C-FB62-44B4-B1DF-0CE6DD130308}.Debug|Any CPU.Build.0 = Debug|Any CPU
		{85CF9F0C-FB62-44B4-B1DF-0CE6DD130308}.Release|Any CPU.ActiveCfg = Release|Any CPU
		{85CF9F0C-FB62-44B4-B1DF-0CE6DD130308}.Release|Any CPU.Build.0 = Release|Any CPU
	EndGlobalSection
	GlobalSection(SolutionProperties) = preSolution
		HideSolutionNode = FALSE
	EndGlobalSection
	GlobalSection(NestedProjects) = preSolution
		{20C00C3C-7BA9-4A95-B30F-87BD1F4C8898} = {D1766F1E-636C-4C63-BBF4-9DAB82BD3B8A}
		{80A145FE-BAFA-4548-A5FE-DC946E16FED9} = {D1766F1E-636C-4C63-BBF4-9DAB82BD3B8A}
		{FDF7B4AC-992F-4377-B54E-14F86EE58BF2} = {D1766F1E-636C-4C63-BBF4-9DAB82BD3B8A}
		{3623217D-35FD-40B6-988E-16ECFCFE6905} = {D1766F1E-636C-4C63-BBF4-9DAB82BD3B8A}
		{0207DED4-51AB-4272-AE81-A4C052FDAD7D} = {466FCE46-6491-48A7-AD5C-2F459C9798C4}
		{D9B28BB8-E606-435D-A9E9-F2EC58EDD5C5} = {7F1DF8A8-22BF-4573-B44F-8ABDAF960F19}
		{7D5B77E7-AA51-47A8-BAF6-3352DF665614} = {7F1DF8A8-22BF-4573-B44F-8ABDAF960F19}
		{FD0F6346-878D-4020-8CAB-FA1CACBB34A8} = {7F1DF8A8-22BF-4573-B44F-8ABDAF960F19}
		{1A282C70-59EA-4602-8070-14D4DD72D258} = {7F1DF8A8-22BF-4573-B44F-8ABDAF960F19}
		{941CE76B-71DD-415D-B306-789A2746286A} = {466FCE46-6491-48A7-AD5C-2F459C9798C4}
		{1B897F32-2B1D-4786-8646-EBC95DF6C816} = {466FCE46-6491-48A7-AD5C-2F459C9798C4}
		{BC493EBA-18E1-4054-881C-0DE4B458FFBA} = {466FCE46-6491-48A7-AD5C-2F459C9798C4}
		{1EFF0159-0760-4586-9EBA-66CD87EE67A6} = {0F7322DA-E014-40F5-9512-A44F4780EB9D}
		{9284F9CC-71E2-473E-AB79-2F7BEA37A641} = {0F7322DA-E014-40F5-9512-A44F4780EB9D}
		{0456A06E-7F48-42FA-B83C-34B26D314023} = {0F7322DA-E014-40F5-9512-A44F4780EB9D}
		{8CE4A21E-3426-48F0-81E0-9DF51EE1DD20} = {60DE0860-1F38-4ACD-9994-8DACB5BA9E99}
		{5494A375-3C59-4830-8D07-247F9E38BCDA} = {60DE0860-1F38-4ACD-9994-8DACB5BA9E99}
		{F094A5BA-D425-4851-BFE4-CD043287F72D} = {60DE0860-1F38-4ACD-9994-8DACB5BA9E99}
		{258017CB-84B7-4DBF-9260-3F0BC3E88D6F} = {60DE0860-1F38-4ACD-9994-8DACB5BA9E99}
		{85CF9F0C-FB62-44B4-B1DF-0CE6DD130308} = {0F7322DA-E014-40F5-9512-A44F4780EB9D}
	EndGlobalSection
	GlobalSection(ExtensibilityGlobals) = postSolution
		SolutionGuid = {794B2AAE-64F0-40E7-8765-DD99AFA6D049}
	EndGlobalSection
EndGlobal
