
Microsoft Visual Studio Solution File, Format Version 12.00
# Visual Studio Version 17
VisualStudioVersion = 17.0.32002.185
MinimumVisualStudioVersion = 10.0.40219.1
Project("{9A19103F-16F7-4668-BE54-9A1E7A4F7556}") = "EducationalManagementSystem", "EducationalManagementSystem\EducationalManagementSystem.csproj", "{828A66E5-3CE4-4894-AFBC-DB49318C7E66}"
EndProject
Project("{9A19103F-16F7-4668-BE54-9A1E7A4F7556}") = "Barebone", "Barebone\Barebone.csproj", "{72349B35-DC3F-40B4-9DF2-CDE11B5E770F}"
EndProject
Project("{9A19103F-16F7-4668-BE54-9A1E7A4F7556}") = "Secretaries", "Secretaries\Secretaries.csproj", "{20C00C3C-7BA9-4A95-B30F-87BD1F4C8898}"
EndProject
Project("{9A19103F-16F7-4668-BE54-9A1E7A4F7556}") = "Secretaries.Data.Abstractions", "Secretaries.Data.Abstractions\Secretaries.Data.Abstractions.csproj", "{80A145FE-BAFA-4548-A5FE-DC946E16FED9}"
EndProject
Project("{9A19103F-16F7-4668-BE54-9A1E7A4F7556}") = "Secretaries.Data.Entities", "Secretaries.Data.Entities\Secretaries.Data.Entities.csproj", "{FDF7B4AC-992F-4377-B54E-14F86EE58BF2}"
EndProject
Project("{9A19103F-16F7-4668-BE54-9A1E7A4F7556}") = "Secretaries.Data.EntityFramework.Sqlite", "Secretaries.Data.EntityFramework.Sqlite\Secretaries.Data.EntityFramework.Sqlite.csproj", "{3623217D-35FD-40B6-988E-16ECFCFE6905}"
EndProject
Project("{9A19103F-16F7-4668-BE54-9A1E7A4F7556}") = "Teachers", "Teachers\Teachers.csproj", "{0207DED4-51AB-4272-AE81-A4C052FDAD7D}"
EndProject
Project("{FAE04EC0-301F-11D3-BF4B-00C04F79EFBC}") = "Students", "Students\Students.csproj", "{D9B28BB8-E606-435D-A9E9-F2EC58EDD5C5}"
EndProject
Global
	GlobalSection(SolutionConfigurationPlatforms) = preSolution
		Debug|Any CPU = Debug|Any CPU
		Release|Any CPU = Release|Any CPU
	EndGlobalSection
	GlobalSection(ProjectConfigurationPlatforms) = postSolution
		{828A66E5-3CE4-4894-AFBC-DB49318C7E66}.Debug|Any CPU.ActiveCfg = Debug|Any CPU
		{828A66E5-3CE4-4894-AFBC-DB49318C7E66}.Debug|Any CPU.Build.0 = Debug|Any CPU
		{828A66E5-3CE4-4894-AFBC-DB49318C7E66}.Release|Any CPU.ActiveCfg = Release|Any CPU
		{828A66E5-3CE4-4894-AFBC-DB49318C7E66}.Release|Any CPU.Build.0 = Release|Any CPU
		{72349B35-DC3F-40B4-9DF2-CDE11B5E770F}.Debug|Any CPU.ActiveCfg = Debug|Any CPU
		{72349B35-DC3F-40B4-9DF2-CDE11B5E770F}.Debug|Any CPU.Build.0 = Debug|Any CPU
		{72349B35-DC3F-40B4-9DF2-CDE11B5E770F}.Release|Any CPU.ActiveCfg = Release|Any CPU
		{72349B35-DC3F-40B4-9DF2-CDE11B5E770F}.Release|Any CPU.Build.0 = Release|Any CPU
		{20C00C3C-7BA9-4A95-B30F-87BD1F4C8898}.Debug|Any CPU.ActiveCfg = Debug|Any CPU
		{20C00C3C-7BA9-4A95-B30F-87BD1F4C8898}.Debug|Any CPU.Build.0 = Debug|Any CPU
		{20C00C3C-7BA9-4A95-B30F-87BD1F4C8898}.Release|Any CPU.ActiveCfg = Release|Any CPU
		{20C00C3C-7BA9-4A95-B30F-87BD1F4C8898}.Release|Any CPU.Build.0 = Release|Any CPU
		{80A145FE-BAFA-4548-A5FE-DC946E16FED9}.Debug|Any CPU.ActiveCfg = Debug|Any CPU
		{80A145FE-BAFA-4548-A5FE-DC946E16FED9}.Debug|Any CPU.Build.0 = Debug|Any CPU
		{80A145FE-BAFA-4548-A5FE-DC946E16FED9}.Release|Any CPU.ActiveCfg = Release|Any CPU
		{80A145FE-BAFA-4548-A5FE-DC946E16FED9}.Release|Any CPU.Build.0 = Release|Any CPU
		{FDF7B4AC-992F-4377-B54E-14F86EE58BF2}.Debug|Any CPU.ActiveCfg = Debug|Any CPU
		{FDF7B4AC-992F-4377-B54E-14F86EE58BF2}.Debug|Any CPU.Build.0 = Debug|Any CPU
		{FDF7B4AC-992F-4377-B54E-14F86EE58BF2}.Release|Any CPU.ActiveCfg = Release|Any CPU
		{FDF7B4AC-992F-4377-B54E-14F86EE58BF2}.Release|Any CPU.Build.0 = Release|Any CPU
		{3623217D-35FD-40B6-988E-16ECFCFE6905}.Debug|Any CPU.ActiveCfg = Debug|Any CPU
		{3623217D-35FD-40B6-988E-16ECFCFE6905}.Debug|Any CPU.Build.0 = Debug|Any CPU
		{3623217D-35FD-40B6-988E-16ECFCFE6905}.Release|Any CPU.ActiveCfg = Release|Any CPU
		{3623217D-35FD-40B6-988E-16ECFCFE6905}.Release|Any CPU.Build.0 = Release|Any CPU
		{0207DED4-51AB-4272-AE81-A4C052FDAD7D}.Debug|Any CPU.ActiveCfg = Debug|Any CPU
		{0207DED4-51AB-4272-AE81-A4C052FDAD7D}.Debug|Any CPU.Build.0 = Debug|Any CPU
		{0207DED4-51AB-4272-AE81-A4C052FDAD7D}.Release|Any CPU.ActiveCfg = Release|Any CPU
		{0207DED4-51AB-4272-AE81-A4C052FDAD7D}.Release|Any CPU.Build.0 = Release|Any CPU
		{D9B28BB8-E606-435D-A9E9-F2EC58EDD5C5}.Debug|Any CPU.ActiveCfg = Debug|Any CPU
		{D9B28BB8-E606-435D-A9E9-F2EC58EDD5C5}.Debug|Any CPU.Build.0 = Debug|Any CPU
		{D9B28BB8-E606-435D-A9E9-F2EC58EDD5C5}.Release|Any CPU.ActiveCfg = Release|Any CPU
		{D9B28BB8-E606-435D-A9E9-F2EC58EDD5C5}.Release|Any CPU.Build.0 = Release|Any CPU
	EndGlobalSection
	GlobalSection(SolutionProperties) = preSolution
		HideSolutionNode = FALSE
	EndGlobalSection
	GlobalSection(ExtensibilityGlobals) = postSolution
		SolutionGuid = {794B2AAE-64F0-40E7-8765-DD99AFA6D049}
	EndGlobalSection
EndGlobal
